// !$*UTF8*$!
{
	archiveVersion = 1;
	classes = {
	};
	objectVersion = 46;
	objects = {

/* Begin PBXBuildFile section */
		5C6169F71B2208C700EAECE2 /* AppDelegate.swift in Sources */ = {isa = PBXBuildFile; fileRef = 5C6169F61B2208C700EAECE2 /* AppDelegate.swift */; };
		5C6169F91B2208C700EAECE2 /* ViewController.swift in Sources */ = {isa = PBXBuildFile; fileRef = 5C6169F81B2208C700EAECE2 /* ViewController.swift */; };
		5C6169FC1B2208C700EAECE2 /* Main.storyboard in Resources */ = {isa = PBXBuildFile; fileRef = 5C6169FA1B2208C700EAECE2 /* Main.storyboard */; };
		5C6169FE1B2208C700EAECE2 /* Images.xcassets in Resources */ = {isa = PBXBuildFile; fileRef = 5C6169FD1B2208C700EAECE2 /* Images.xcassets */; };
		5C616A011B2208C700EAECE2 /* LaunchScreen.xib in Resources */ = {isa = PBXBuildFile; fileRef = 5C6169FF1B2208C700EAECE2 /* LaunchScreen.xib */; };
		5C616A0D1B2208C700EAECE2 /* SwipeUpTests.swift in Sources */ = {isa = PBXBuildFile; fileRef = 5C616A0C1B2208C700EAECE2 /* SwipeUpTests.swift */; };
/* End PBXBuildFile section */

/* Begin PBXContainerItemProxy section */
		5C616A071B2208C700EAECE2 /* PBXContainerItemProxy */ = {
			isa = PBXContainerItemProxy;
			containerPortal = 5C6169E91B2208C700EAECE2 /* Project object */;
			proxyType = 1;
			remoteGlobalIDString = 5C6169F01B2208C700EAECE2;
			remoteInfo = SwipeUp;
		};
/* End PBXContainerItemProxy section */

/* Begin PBXFileReference section */
		5C6169F11B2208C700EAECE2 /* SwipeUp.app */ = {isa = PBXFileReference; explicitFileType = wrapper.application; includeInIndex = 0; path = SwipeUp.app; sourceTree = BUILT_PRODUCTS_DIR; };
		5C6169F51B2208C700EAECE2 /* Info.plist */ = {isa = PBXFileReference; lastKnownFileType = text.plist.xml; path = Info.plist; sourceTree = "<group>"; };
		5C6169F61B2208C700EAECE2 /* AppDelegate.swift */ = {isa = PBXFileReference; lastKnownFileType = sourcecode.swift; path = AppDelegate.swift; sourceTree = "<group>"; };
		5C6169F81B2208C700EAECE2 /* ViewController.swift */ = {isa = PBXFileReference; lastKnownFileType = sourcecode.swift; path = ViewController.swift; sourceTree = "<group>"; };
		5C6169FB1B2208C700EAECE2 /* Base */ = {isa = PBXFileReference; lastKnownFileType = file.storyboard; name = Base; path = Base.lproj/Main.storyboard; sourceTree = "<group>"; };
		5C6169FD1B2208C700EAECE2 /* Images.xcassets */ = {isa = PBXFileReference; lastKnownFileType = folder.assetcatalog; path = Images.xcassets; sourceTree = "<group>"; };
		5C616A001B2208C700EAECE2 /* Base */ = {isa = PBXFileReference; lastKnownFileType = file.xib; name = Base; path = Base.lproj/LaunchScreen.xib; sourceTree = "<group>"; };
		5C616A061B2208C700EAECE2 /* SwipeUpTests.xctest */ = {isa = PBXFileReference; explicitFileType = wrapper.cfbundle; includeInIndex = 0; path = SwipeUpTests.xctest; sourceTree = BUILT_PRODUCTS_DIR; };
		5C616A0B1B2208C700EAECE2 /* Info.plist */ = {isa = PBXFileReference; lastKnownFileType = text.plist.xml; path = Info.plist; sourceTree = "<group>"; };
		5C616A0C1B2208C700EAECE2 /* SwipeUpTests.swift */ = {isa = PBXFileReference; lastKnownFileType = sourcecode.swift; path = SwipeUpTests.swift; sourceTree = "<group>"; };
/* End PBXFileReference section */

/* Begin PBXFrameworksBuildPhase section */
		5C6169EE1B2208C700EAECE2 /* Frameworks */ = {
			isa = PBXFrameworksBuildPhase;
			buildActionMask = 2147483647;
			files = (
			);
			runOnlyForDeploymentPostprocessing = 0;
		};
		5C616A031B2208C700EAECE2 /* Frameworks */ = {
			isa = PBXFrameworksBuildPhase;
			buildActionMask = 2147483647;
			files = (
			);
			runOnlyForDeploymentPostprocessing = 0;
		};
/* End PBXFrameworksBuildPhase section */

/* Begin PBXGroup section */
		5C6169E81B2208C700EAECE2 = {
			isa = PBXGroup;
			children = (
				5C6169F31B2208C700EAECE2 /* SwipeUp */,
				5C616A091B2208C700EAECE2 /* SwipeUpTests */,
				5C6169F21B2208C700EAECE2 /* Products */,
			);
			sourceTree = "<group>";
		};
		5C6169F21B2208C700EAECE2 /* Products */ = {
			isa = PBXGroup;
			children = (
				5C6169F11B2208C700EAECE2 /* SwipeUp.app */,
				5C616A061B2208C700EAECE2 /* SwipeUpTests.xctest */,
			);
			name = Products;
			sourceTree = "<group>";
		};
		5C6169F31B2208C700EAECE2 /* SwipeUp */ = {
			isa = PBXGroup;
			children = (
				5C6169F61B2208C700EAECE2 /* AppDelegate.swift */,
				5C6169F81B2208C700EAECE2 /* ViewController.swift */,
				5C6169FA1B2208C700EAECE2 /* Main.storyboard */,
				5C6169FD1B2208C700EAECE2 /* Images.xcassets */,
				5C6169FF1B2208C700EAECE2 /* LaunchScreen.xib */,
				5C6169F41B2208C700EAECE2 /* Supporting Files */,
			);
			path = SwipeUp;
			sourceTree = "<group>";
		};
		5C6169F41B2208C700EAECE2 /* Supporting Files */ = {
			isa = PBXGroup;
			children = (
				5C6169F51B2208C700EAECE2 /* Info.plist */,
			);
			name = "Supporting Files";
			sourceTree = "<group>";
		};
		5C616A091B2208C700EAECE2 /* SwipeUpTests */ = {
			isa = PBXGroup;
			children = (
				5C616A0C1B2208C700EAECE2 /* SwipeUpTests.swift */,
				5C616A0A1B2208C700EAECE2 /* Supporting Files */,
			);
			path = SwipeUpTests;
			sourceTree = "<group>";
		};
		5C616A0A1B2208C700EAECE2 /* Supporting Files */ = {
			isa = PBXGroup;
			children = (
				5C616A0B1B2208C700EAECE2 /* Info.plist */,
			);
			name = "Supporting Files";
			sourceTree = "<group>";
		};
/* End PBXGroup section */

/* Begin PBXNativeTarget section */
		5C6169F01B2208C700EAECE2 /* SwipeUp */ = {
			isa = PBXNativeTarget;
			buildConfigurationList = 5C616A101B2208C700EAECE2 /* Build configuration list for PBXNativeTarget "SwipeUp" */;
			buildPhases = (
				5C6169ED1B2208C700EAECE2 /* Sources */,
				5C6169EE1B2208C700EAECE2 /* Frameworks */,
				5C6169EF1B2208C700EAECE2 /* Resources */,
			);
			buildRules = (
			);
			dependencies = (
			);
			name = SwipeUp;
			productName = SwipeUp;
			productReference = 5C6169F11B2208C700EAECE2 /* SwipeUp.app */;
			productType = "com.apple.product-type.application";
		};
		5C616A051B2208C700EAECE2 /* SwipeUpTests */ = {
			isa = PBXNativeTarget;
			buildConfigurationList = 5C616A131B2208C700EAECE2 /* Build configuration list for PBXNativeTarget "SwipeUpTests" */;
			buildPhases = (
				5C616A021B2208C700EAECE2 /* Sources */,
				5C616A031B2208C700EAECE2 /* Frameworks */,
				5C616A041B2208C700EAECE2 /* Resources */,
			);
			buildRules = (
			);
			dependencies = (
				5C616A081B2208C700EAECE2 /* PBXTargetDependency */,
			);
			name = SwipeUpTests;
			productName = SwipeUpTests;
			productReference = 5C616A061B2208C700EAECE2 /* SwipeUpTests.xctest */;
			productType = "com.apple.product-type.bundle.unit-test";
		};
/* End PBXNativeTarget section */

/* Begin PBXProject section */
		5C6169E91B2208C700EAECE2 /* Project object */ = {
			isa = PBXProject;
			attributes = {
				LastUpgradeCheck = 0630;
				ORGANIZATIONNAME = "Robert Otani";
				TargetAttributes = {
					5C6169F01B2208C700EAECE2 = {
						CreatedOnToolsVersion = 6.3.2;
					};
					5C616A051B2208C700EAECE2 = {
						CreatedOnToolsVersion = 6.3.2;
						TestTargetID = 5C6169F01B2208C700EAECE2;
					};
				};
			};
			buildConfigurationList = 5C6169EC1B2208C700EAECE2 /* Build configuration list for PBXProject "SwipeUp" */;
			compatibilityVersion = "Xcode 3.2";
			developmentRegion = English;
			hasScannedForEncodings = 0;
			knownRegions = (
				en,
				Base,
			);
			mainGroup = 5C6169E81B2208C700EAECE2;
			productRefGroup = 5C6169F21B2208C700EAECE2 /* Products */;
			projectDirPath = "";
			projectRoot = "";
			targets = (
				5C6169F01B2208C700EAECE2 /* SwipeUp */,
				5C616A051B2208C700EAECE2 /* SwipeUpTests */,
			);
		};
/* End PBXProject section */

/* Begin PBXResourcesBuildPhase section */
		5C6169EF1B2208C700EAECE2 /* Resources */ = {
			isa = PBXResourcesBuildPhase;
			buildActionMask = 2147483647;
			files = (
				5C6169FC1B2208C700EAECE2 /* Main.storyboard in Resources */,
				5C616A011B2208C700EAECE2 /* LaunchScreen.xib in Resources */,
				5C6169FE1B2208C700EAECE2 /* Images.xcassets in Resources */,
			);
			runOnlyForDeploymentPostprocessing = 0;
		};
		5C616A041B2208C700EAECE2 /* Resources */ = {
			isa = PBXResourcesBuildPhase;
			buildActionMask = 2147483647;
			files = (
			);
			runOnlyForDeploymentPostprocessing = 0;
		};
/* End PBXResourcesBuildPhase section */

/* Begin PBXSourcesBuildPhase section */
		5C6169ED1B2208C700EAECE2 /* Sources */ = {
			isa = PBXSourcesBuildPhase;
			buildActionMask = 2147483647;
			files = (
				5C6169F91B2208C700EAECE2 /* ViewController.swift in Sources */,
				5C6169F71B2208C700EAECE2 /* AppDelegate.swift in Sources */,
			);
			runOnlyForDeploymentPostprocessing = 0;
		};
		5C616A021B2208C700EAECE2 /* Sources */ = {
			isa = PBXSourcesBuildPhase;
			buildActionMask = 2147483647;
			files = (
				5C616A0D1B2208C700EAECE2 /* SwipeUpTests.swift in Sources */,
			);
			runOnlyForDeploymentPostprocessing = 0;
		};
/* End PBXSourcesBuildPhase section */

/* Begin PBXTargetDependency section */
		5C616A081B2208C700EAECE2 /* PBXTargetDependency */ = {
			isa = PBXTargetDependency;
			target = 5C6169F01B2208C700EAECE2 /* SwipeUp */;
			targetProxy = 5C616A071B2208C700EAECE2 /* PBXContainerItemProxy */;
		};
/* End PBXTargetDependency section */

/* Begin PBXVariantGroup section */
		5C6169FA1B2208C700EAECE2 /* Main.storyboard */ = {
			isa = PBXVariantGroup;
			children = (
				5C6169FB1B2208C700EAECE2 /* Base */,
			);
			name = Main.storyboard;
			sourceTree = "<group>";
		};
		5C6169FF1B2208C700EAECE2 /* LaunchScreen.xib */ = {
			isa = PBXVariantGroup;
			children = (
				5C616A001B2208C700EAECE2 /* Base */,
			);
			name = LaunchScreen.xib;
			sourceTree = "<group>";
		};
/* End PBXVariantGroup section */

/* Begin XCBuildConfiguration section */
		5C616A0E1B2208C700EAECE2 /* Debug */ = {
			isa = XCBuildConfiguration;
			buildSettings = {
				ALWAYS_SEARCH_USER_PATHS = NO;
				CLANG_CXX_LANGUAGE_STANDARD = "gnu++0x";
				CLANG_CXX_LIBRARY = "libc++";
				CLANG_ENABLE_MODULES = YES;
				CLANG_ENABLE_OBJC_ARC = YES;
				CLANG_WARN_BOOL_CONVERSION = YES;
				CLANG_WARN_CONSTANT_CONVERSION = YES;
				CLANG_WARN_DIRECT_OBJC_ISA_USAGE = YES_ERROR;
				CLANG_WARN_EMPTY_BODY = YES;
				CLANG_WARN_ENUM_CONVERSION = YES;
				CLANG_WARN_INT_CONVERSION = YES;
				CLANG_WARN_OBJC_ROOT_CLASS = YES_ERROR;
				CLANG_WARN_UNREACHABLE_CODE = YES;
				CLANG_WARN__DUPLICATE_METHOD_MATCH = YES;
				"CODE_SIGN_IDENTITY[sdk=iphoneos*]" = "iPhone Developer";
				COPY_PHASE_STRIP = NO;
				DEBUG_INFORMATION_FORMAT = "dwarf-with-dsym";
				ENABLE_STRICT_OBJC_MSGSEND = YES;
				GCC_C_LANGUAGE_STANDARD = gnu99;
				GCC_DYNAMIC_NO_PIC = NO;
				GCC_NO_COMMON_BLOCKS = YES;
				GCC_OPTIMIZATION_LEVEL = 0;
				GCC_PREPROCESSOR_DEFINITIONS = (
					"DEBUG=1",
					"$(inherited)",
				);
				GCC_SYMBOLS_PRIVATE_EXTERN = NO;
				GCC_WARN_64_TO_32_BIT_CONVERSION = YES;
				GCC_WARN_ABOUT_RETURN_TYPE = YES_ERROR;
				GCC_WARN_UNDECLARED_SELECTOR = YES;
				GCC_WARN_UNINITIALIZED_AUTOS = YES_AGGRESSIVE;
				GCC_WARN_UNUSED_FUNCTION = YES;
				GCC_WARN_UNUSED_VARIABLE = YES;
				IPHONEOS_DEPLOYMENT_TARGET = 8.3;
				MTL_ENABLE_DEBUG_INFO = YES;
				ONLY_ACTIVE_ARCH = YES;
				SDKROOT = iphoneos;
				SWIFT_OPTIMIZATION_LEVEL = "-Onone";
				TARGETED_DEVICE_FAMILY = "1,2";
			};
			name = Debug;
		};
		5C616A0F1B2208C700EAECE2 /* Release */ = {
			isa = XCBuildConfiguration;
			buildSettings = {
				ALWAYS_SEARCH_USER_PATHS = NO;
				CLANG_CXX_LANGUAGE_STANDARD = "gnu++0x";
				CLANG_CXX_LIBRARY = "libc++";
				CLANG_ENABLE_MODULES = YES;
				CLANG_ENABLE_OBJC_ARC = YES;
				CLANG_WARN_BOOL_CONVERSION = YES;
				CLANG_WARN_CONSTANT_CONVERSION = YES;
				CLANG_WARN_DIRECT_OBJC_ISA_USAGE = YES_ERROR;
				CLANG_WARN_EMPTY_BODY = YES;
				CLANG_WARN_ENUM_CONVERSION = YES;
				CLANG_WARN_INT_CONVERSION = YES;
				CLANG_WARN_OBJC_ROOT_CLASS = YES_ERROR;
				CLANG_WARN_UNREACHABLE_CODE = YES;
				CLANG_WARN__DUPLICATE_METHOD_MATCH = YES;
				"CODE_SIGN_IDENTITY[sdk=iphoneos*]" = "iPhone Developer";
				COPY_PHASE_STRIP = NO;
				DEBUG_INFORMATION_FORMAT = "dwarf-with-dsym";
				ENABLE_NS_ASSERTIONS = NO;
				ENABLE_STRICT_OBJC_MSGSEND = YES;
				GCC_C_LANGUAGE_STANDARD = gnu99;
				GCC_NO_COMMON_BLOCKS = YES;
				GCC_WARN_64_TO_32_BIT_CONVERSION = YES;
				GCC_WARN_ABOUT_RETURN_TYPE = YES_ERROR;
				GCC_WARN_UNDECLARED_SELECTOR = YES;
				GCC_WARN_UNINITIALIZED_AUTOS = YES_AGGRESSIVE;
				GCC_WARN_UNUSED_FUNCTION = YES;
				GCC_WARN_UNUSED_VARIABLE = YES;
				IPHONEOS_DEPLOYMENT_TARGET = 8.3;
				MTL_ENABLE_DEBUG_INFO = NO;
				SDKROOT = iphoneos;
				TARGETED_DEVICE_FAMILY = "1,2";
				VALIDATE_PRODUCT = YES;
			};
			name = Release;
		};
		5C616A111B2208C700EAECE2 /* Debug */ = {
			isa = XCBuildConfiguration;
			buildSettings = {
				ASSETCATALOG_COMPILER_APPICON_NAME = AppIcon;
				INFOPLIST_FILE = SwipeUp/Info.plist;
				LD_RUNPATH_SEARCH_PATHS = "$(inherited) @executable_path/Frameworks";
				PRODUCT_NAME = "$(TARGET_NAME)";
			};
			name = Debug;
		};
		5C616A121B2208C700EAECE2 /* Release */ = {
			isa = XCBuildConfiguration;
			buildSettings = {
				ASSETCATALOG_COMPILER_APPICON_NAME = AppIcon;
				INFOPLIST_FILE = SwipeUp/Info.plist;
				LD_RUNPATH_SEARCH_PATHS = "$(inherited) @executable_path/Frameworks";
				PRODUCT_NAME = "$(TARGET_NAME)";
			};
			name = Release;
		};
		5C616A141B2208C700EAECE2 /* Debug */ = {
			isa = XCBuildConfiguration;
			buildSettings = {
				BUNDLE_LOADER = "$(TEST_HOST)";
				FRAMEWORK_SEARCH_PATHS = (
					"$(SDKROOT)/Developer/Library/Frameworks",
					"$(inherited)",
				);
				GCC_PREPROCESSOR_DEFINITIONS = (
					"DEBUG=1",
					"$(inherited)",
				);
				INFOPLIST_FILE = SwipeUpTests/Info.plist;
				LD_RUNPATH_SEARCH_PATHS = "$(inherited) @executable_path/Frameworks @loader_path/Frameworks";
				PRODUCT_NAME = "$(TARGET_NAME)";
				TEST_HOST = "$(BUILT_PRODUCTS_DIR)/SwipeUp.app/SwipeUp";
			};
			name = Debug;
		};
		5C616A151B2208C700EAECE2 /* Release */ = {
			isa = XCBuildConfiguration;
			buildSettings = {
				BUNDLE_LOADER = "$(TEST_HOST)";
				FRAMEWORK_SEARCH_PATHS = (
					"$(SDKROOT)/Developer/Library/Frameworks",
					"$(inherited)",
				);
				INFOPLIST_FILE = SwipeUpTests/Info.plist;
				LD_RUNPATH_SEARCH_PATHS = "$(inherited) @executable_path/Frameworks @loader_path/Frameworks";
				PRODUCT_NAME = "$(TARGET_NAME)";
				TEST_HOST = "$(BUILT_PRODUCTS_DIR)/SwipeUp.app/SwipeUp";
			};
			name = Release;
		};
/* End XCBuildConfiguration section */

/* Begin XCConfigurationList section */
		5C6169EC1B2208C700EAECE2 /* Build configuration list for PBXProject "SwipeUp" */ = {
			isa = XCConfigurationList;
			buildConfigurations = (
				5C616A0E1B2208C700EAECE2 /* Debug */,
				5C616A0F1B2208C700EAECE2 /* Release */,
			);
			defaultConfigurationIsVisible = 0;
			defaultConfigurationName = Release;
		};
		5C616A101B2208C700EAECE2 /* Build configuration list for PBXNativeTarget "SwipeUp" */ = {
			isa = XCConfigurationList;
			buildConfigurations = (
				5C616A111B2208C700EAECE2 /* Debug */,
				5C616A121B2208C700EAECE2 /* Release */,
			);
			defaultConfigurationIsVisible = 0;
		};
		5C616A131B2208C700EAECE2 /* Build configuration list for PBXNativeTarget "SwipeUpTests" */ = {
			isa = XCConfigurationList;
			buildConfigurations = (
				5C616A141B2208C700EAECE2 /* Debug */,
				5C616A151B2208C700EAECE2 /* Release */,
			);
			defaultConfigurationIsVisible = 0;
		};
/* End XCConfigurationList section */
	};
	rootObject = 5C6169E91B2208C700EAECE2 /* Project object */;
}
